
Microsoft Visual Studio Solution File, Format Version 12.00
# Visual Studio Version 17
VisualStudioVersion = 17.9.34616.47
MinimumVisualStudioVersion = 10.0.40219.1
Project("{FAE04EC0-301F-11D3-BF4B-00C04F79EFBC}") = "MHKAT", "MHKAT\MHKAT.csproj", "{BD6F3127-7909-41B8-8F6B-C2DC34371517}"
EndProject
Global
	GlobalSection(SolutionConfigurationPlatforms) = preSolution
		Debug|Any CPU = Debug|Any CPU
		Release|Any CPU = Release|Any CPU
	EndGlobalSection
	GlobalSection(ProjectConfigurationPlatforms) = postSolution
		{BD6F3127-7909-41B8-8F6B-C2DC34371517}.Debug|Any CPU.ActiveCfg = Debug|Any CPU
		{BD6F3127-7909-41B8-8F6B-C2DC34371517}.Debug|Any CPU.Build.0 = Debug|Any CPU
		{BD6F3127-7909-41B8-8F6B-C2DC34371517}.Release|Any CPU.ActiveCfg = Release|Any CPU
		{BD6F3127-7909-41B8-8F6B-C2DC34371517}.Release|Any CPU.Build.0 = Release|Any CPU
	EndGlobalSection
	GlobalSection(SolutionProperties) = preSolution
		HideSolutionNode = FALSE
	EndGlobalSection
	GlobalSection(ExtensibilityGlobals) = postSolution
		SolutionGuid = {698BAE3D-E477-4E67-A527-E9B3F878E2C6}
	EndGlobalSection
EndGlobal
